{
  "version": "3",
  "remote": {
    "https://code4fukui.github.io/CBOR-es/CBOR.js": "77208bf6905ee7e245ff8270264eb8485d36577921010007ce1b548e9fd13897",
    "https://code4fukui.github.io/commander-es/index.js": "8c4ea0017956aa93343f1764382ab5f4c42121b1ff19039039c4ca36e9ca3c67",
    "https://code4fukui.github.io/commander-es/lib/argument.js": "e0cbd94005a34e23a6b13ee3581707b8460f8d249e727547a79c4d6fae02b651",
    "https://code4fukui.github.io/commander-es/lib/command.js": "555ccc8426899405bc8049313d6f35c7064edca9e92df346acd7377bf2849310",
    "https://code4fukui.github.io/commander-es/lib/error.js": "200eb82f6fb694300ebcb76812e4153b318f54cd3c4c3c5ce6308c2a6e62715e",
    "https://code4fukui.github.io/commander-es/lib/help.js": "91c895e463acd2bca61802fc6e176186e47a009a81948c54e55457502feb50c3",
    "https://code4fukui.github.io/commander-es/lib/nodelike/child_process.js": "2a460c3bd27b3d96a726b9da42b7d89bc21c7d953706679a525816619a2f8a50",
    "https://code4fukui.github.io/commander-es/lib/nodelike/events.js": "1bd0ddf1b33a1176cd369dd7c7cb75411f308d6ec3a2882a028ebb555b6dd39f",
    "https://code4fukui.github.io/commander-es/lib/nodelike/path.js": "1a97a6b585bedb2780e0260bb8977fb27a579202c32291084523558f5c5aa72c",
    "https://code4fukui.github.io/commander-es/lib/nodelike/process.js": "e1d077c260873a50ed6c795a6892dea9ee3e158aa7975305fccd9c6517557ab3",
    "https://code4fukui.github.io/commander-es/lib/option.js": "d26c57ccfa4ac15607c88f5a1bfbe29e965aab1983c6e8bdbfeafe0392730aa5",
    "https://code4fukui.github.io/commander-es/lib/suggestSimilar.js": "8fb388bf2540558fb53e683dc14db82608f36727d3bf564948dc192d969f5ddf",
    "https://code4fukui.github.io/wsutil/handleAPI.js": "41a2868ec7957c11a01a2527883ae589d002ee64e09332b8ed96a3dbf8bcf516",
    "https://code4fukui.github.io/wsutil/handleWeb.js": "f47317f0d79a97443b6b57c599282c08bf1d80f29cea5a2e307fa79d6c38a458",
    "https://code4fukui.github.io/wsutil/reqjson.js": "c6115bbc2621ce3e522c8eee38d8d51f5125c7ed22ed816a210b26e2d62f2c19",
    "https://code4fukui.github.io/wsutil/resjson.js": "c1355c0f8e604390c2d94e539bbb75e666b5af64419ca6dd749e972213617133",
    "https://code4fukui.github.io/wsutil/wsutil.js": "36b026d26a538d04000902877046211625c6fc5a0462f6f129dac98dc110aa12",
    "https://code4sabae.github.io/js/SJIS.js": "d223e4599560e0dac6d28a0648a380e968c6885b81880c0fbc66143b56897155",
    "https://deno.land/std@0.157.0/async/abortable.ts": "87aa7230be8360c24ad437212311c9e8d4328854baec27b4c7abb26e85515c06",
    "https://deno.land/std@0.157.0/async/deadline.ts": "48ac998d7564969f3e6ec6b6f9bf0217ebd00239b1b2292feba61272d5dd58d0",
    "https://deno.land/std@0.157.0/async/debounce.ts": "de5433bff08a2bb61416fc53b3bd2d5867090c8a815465e5b4a10a77495b1051",
    "https://deno.land/std@0.157.0/async/deferred.ts": "c01de44b9192359cebd3fe93273fcebf9e95110bf3360023917da9a2d1489fae",
    "https://deno.land/std@0.157.0/async/delay.ts": "0419dfc993752849692d1f9647edf13407c7facc3509b099381be99ffbc9d699",
    "https://deno.land/std@0.157.0/async/mod.ts": "dd0a8ed4f3984ffabe2fcca7c9f466b7932d57b1864ffee148a5d5388316db6b",
    "https://deno.land/std@0.157.0/async/mux_async_iterator.ts": "3447b28a2a582224a3d4d3596bccbba6e85040da3b97ed64012f7decce98d093",
    "https://deno.land/std@0.157.0/async/pool.ts": "ef9eb97b388543acbf0ac32647121e4dbe629236899586c4d4311a8770fbb239",
    "https://deno.land/std@0.157.0/async/tee.ts": "d27680d911816fcb3d231e16d690e7588079e66a9b2e5ce8cc354db94fdce95f",
    "https://deno.land/std@0.157.0/http/server.ts": "c1bce1cbf4060055f622d5c3f0e406fd553e5dca111ca836d28c6268f170ebeb",
    "https://js.sabae.cc/CBOR.js": "f29945e6b9255eac7ba2ce633118434619436f782b02ef00710c6a4da381f245",
    "https://js.sabae.cc/CONTENT_TYPE.js": "877e58524e3818f593153f196836fba20306ea5387a4d2e413c64a17730fd827",
    "https://js.sabae.cc/CSV.js": "6f2bdd6e9713282db65cb05368836197cce94055da893696e45f9d68ee6517c0",
    "https://js.sabae.cc/wsutil.js": "8b4b72ca3fb2ab882d45382419555b48ab6f81dea2dbd4c3c16fae9b185e3a69"
  }
}
